{
  "name": "myportfolio",
  "version": "1.0.0",
  "lockfileVersion": 1,
  "requires": true,
  "dependencies": {
    "bootstrap": {
      "version": "4.4.1",
      "resolved": "https://registry.npm.taobao.org/bootstrap/download/bootstrap-4.4.1.tgz",
      "integrity": "sha1-hYKWDuoMXNK+3oTYsLrzeJw+iwE="
    },
    "countup.js": {
      "version": "2.0.4",
      "resolved": "https://registry.npm.taobao.org/countup.js/download/countup.js-2.0.4.tgz",
      "integrity": "sha1-jIRUUuSZsWGHwNG+seXXF72pAAU="
    },
    "popper.js": {
      "version": "1.16.1",
      "resolved": "https://registry.npm.taobao.org/popper.js/download/popper.js-1.16.1.tgz",
      "integrity": "sha1-KiI8s9x7YhPXQOQDcr5A3kPmWxs="
    },
    "superfish": {
      "version": "1.7.10",
      "resolved": "https://registry.npm.taobao.org/superfish/download/superfish-1.7.10.tgz",
      "integrity": "sha1-lEAMVoOwzIchXGJH8mwniQmQvJ4=",
      "requires": {
        "jquery": ">=1.8"
      }
    }
  }
}
